{
  "name": "solving-sol",
  "version": "0.0.0",
  "lockfileVersion": 1,
  "requires": true,
  "dependencies": {
    "paper": {
      "version": "0.11.5",
      "resolved": "https://npm.squarespace.net:8443/p/paper/_attachments/paper-0.11.5.tgz",
      "integrity": "sha512-nvzLB10Ll0gE6MZ7lMOTiJMGVuwF1iGSTGkndCxIs6aar8TQnjxlgYMGP3IkuKpIE9mJ4Op5VTquyroB4BDK6Q=="
    }
  }
}
